# THIS IS AN AUTOGENERATED FILE. DO NOT EDIT THIS FILE DIRECTLY.
# yarn lockfile v1


"@react-native-async-storage/async-storage@^2.2.0":
  version "2.2.0"
  resolved "https://registry.yarnpkg.com/@react-native-async-storage/async-storage/-/async-storage-2.2.0.tgz#a3aa565253e46286655560172f4e366e8969f5ad"
  integrity sha512-gvRvjR5JAaUZF8tv2Kcq/Gbt3JHwbKFYfmb445rhOj6NUMx3qPLixmDx5pZAyb9at1bYvJ4/eTUipU5aki45xw==
  dependencies:
    merge-options "^3.0.4"

"@react-native-community/datetimepicker@^8.5.1":
  version "8.5.1"
  resolved "https://registry.yarnpkg.com/@react-native-community/datetimepicker/-/datetimepicker-8.5.1.tgz#4738f60f3e2be3e5117a70c17771316ff9507709"
  integrity sha512-TuwM1ORbxCjOp1GOtONj0QnpDpVfq0F4UlfKZYPxL/vmriaLHt2Kgvw63Bv0Bpep4eOkslVVSS1IRfRI6d392g==
  dependencies:
    invariant "^2.2.4"

"@types/geojson@^7946.0.13":
  version "7946.0.16"
  resolved "https://registry.yarnpkg.com/@types/geojson/-/geojson-7946.0.16.tgz#8ebe53d69efada7044454e3305c19017d97ced2a"
  integrity sha512-6C8nqWur3j98U6+lXDfTUWIfgvZU+EumvpHKcYjujKH7woYyLj2sUmff0tRhrqM7BohUw7Pz3ZB1jj2gW9Fvmg==

expo-location@^19.0.7:
  version "19.0.8"
  resolved "https://registry.yarnpkg.com/expo-location/-/expo-location-19.0.8.tgz#1805393151b1286021c1ad36246b6fd095d09b55"
  integrity sha512-H/FI75VuJ1coodJbbMu82pf+Zjess8X8Xkiv9Bv58ZgPKS/2ztjC1YO1/XMcGz7+s9DrbLuMIw22dFuP4HqneA==

invariant@^2.2.4:
  version "2.2.4"
  resolved "https://registry.yarnpkg.com/invariant/-/invariant-2.2.4.tgz#610f3c92c9359ce1db616e538008d23ff35158e6"
  integrity sha512-phJfQVBuaJM5raOpJjSfkiD6BpbCE4Ns//LaXl6wGYtUBY83nWS6Rf9tXm2e8VaK60JEjYldbPif/A2B1C2gNA==
  dependencies:
    loose-envify "^1.0.0"

is-plain-obj@^2.1.0:
  version "2.1.0"
  resolved "https://registry.yarnpkg.com/is-plain-obj/-/is-plain-obj-2.1.0.tgz#45e42e37fccf1f40da8e5f76ee21515840c09287"
  integrity sha512-YWnfyRwxL/+SsrWYfOpUtz5b3YD+nyfkHvjbcanzk8zgyO4ASD67uVMRt8k5bM4lLMDnXfriRhOpemw+NfT1eA==

"js-tokens@^3.0.0 || ^4.0.0":
  version "4.0.0"
  resolved "https://registry.yarnpkg.com/js-tokens/-/js-tokens-4.0.0.tgz#19203fb59991df98e3a287050d4647cdeaf32499"
  integrity sha512-RdJUflcE3cUzKiMqQgsCu06FPu9UdIJO0beYbPhHN4k6apgJtifcoCtT9bcxOpYBtpD2kCM6Sbzg4CausW/PKQ==

lodash@^4.17.13:
  version "4.17.21"
  resolved "https://registry.yarnpkg.com/lodash/-/lodash-4.17.21.tgz#679591c564c3bffaae8454cf0b3df370c3d6911c"
  integrity sha512-v2kDEe57lecTulaDIuNTPy3Ry4gLGJ6Z1O3vE1krgXZNrsQ+LFTGHVxVjcXPs17LhbZVGedAJv8XZ1tvj5FvSg==

loose-envify@^1.0.0:
  version "1.4.0"
  resolved "https://registry.yarnpkg.com/loose-envify/-/loose-envify-1.4.0.tgz#71ee51fa7be4caec1a63839f7e682d8132d30caf"
  integrity sha512-lyuxPGr/Wfhrlem2CL/UcnUc1zcqKAImBDzukY7Y5F/yQiNdko6+fRLevlw1HgMySw7f611UIY408EtxRSoK3Q==
  dependencies:
    js-tokens "^3.0.0 || ^4.0.0"

merge-options@^3.0.4:
  version "3.0.4"
  resolved "https://registry.yarnpkg.com/merge-options/-/merge-options-3.0.4.tgz#84709c2aa2a4b24c1981f66c179fe5565cc6dbb7"
  integrity sha512-2Sug1+knBjkaMsMgf1ctR1Ujx+Ayku4EdJN4Z+C2+JzoeF7A3OZ9KM2GY0CpQS51NR61LTurMJrRKPhSs3ZRTQ==
  dependencies:
    is-plain-obj "^2.1.0"

paths-js@^0.4.10:
  version "0.4.11"
  resolved "https://registry.yarnpkg.com/paths-js/-/paths-js-0.4.11.tgz#b2a9d5f94ee9949aa8fee945f78a12abff44599e"
  integrity sha512-3mqcLomDBXOo7Fo+UlaenG6f71bk1ZezPQy2JCmYHy2W2k5VKpP+Jbin9H0bjXynelTbglCqdFhSEkeIkKTYUA==

point-in-polygon@^1.0.1:
  version "1.1.0"
  resolved "https://registry.yarnpkg.com/point-in-polygon/-/point-in-polygon-1.1.0.tgz#b0af2616c01bdee341cbf2894df643387ca03357"
  integrity sha512-3ojrFwjnnw8Q9242TzgXuTD+eKiutbzyslcq1ydfu82Db2y+Ogbmyrkpv0Hgj31qwT3lbS9+QAAO/pIQM35XRw==

react-native-chart-kit@^6.12.0:
  version "6.12.0"
  resolved "https://registry.yarnpkg.com/react-native-chart-kit/-/react-native-chart-kit-6.12.0.tgz#187a4987a668a85b7e93588c248ed2c33b3a06f6"
  integrity sha512-nZLGyCFzZ7zmX0KjYeeSV1HKuPhl1wOMlTAqa0JhlyW62qV/1ZPXHgT8o9s8mkFaGxdqbspOeuaa6I9jUQDgnA==
  dependencies:
    lodash "^4.17.13"
    paths-js "^0.4.10"
    point-in-polygon "^1.0.1"

react-native-maps@1.26.18:
  version "1.26.18"
  resolved "https://registry.yarnpkg.com/react-native-maps/-/react-native-maps-1.26.18.tgz#1bb412d236a1a187c93f5e63a8d912d8d5beca6d"
  integrity sha512-aJeczgR2Y5AeAazod3QAIkpAqNteYjKlZUH8YRKueaORsjdDbGryD/4aPL8UR4J6bjsSJK8lgzoMCvCky6FRpA==
  dependencies:
    "@types/geojson" "^7946.0.13"
